
Microsoft Visual Studio Solution File, Format Version 12.00
# Visual Studio Version 16
VisualStudioVersion = 16.0.31105.61
MinimumVisualStudioVersion = 10.0.40219.1
Project("{9A19103F-16F7-4668-BE54-9A1E7A4F7556}") = "Gateway", "Gateway\Gateway.csproj", "{2E63A789-2D35-4DF1-83CA-96ACC55E8681}"
EndProject
Project("{E53339B2-1760-4266-BCC7-CA923CBCF16C}") = "docker-compose", "docker-compose.dcproj", "{50042D22-64A5-4E3F-9800-09F748BF1183}"
EndProject
Project("{FAE04EC0-301F-11D3-BF4B-00C04F79EFBC}") = "EnergyMarketApi", "..\EnergyMarketApi\EnergyMarketApi.csproj", "{93B93E35-1B68-4CA5-AFAB-CC3AF652CD5E}"
EndProject
Global
	GlobalSection(SolutionConfigurationPlatforms) = preSolution
		Debug|Any CPU = Debug|Any CPU
		Release|Any CPU = Release|Any CPU
	EndGlobalSection
	GlobalSection(ProjectConfigurationPlatforms) = postSolution
		{2E63A789-2D35-4DF1-83CA-96ACC55E8681}.Debug|Any CPU.ActiveCfg = Debug|Any CPU
		{2E63A789-2D35-4DF1-83CA-96ACC55E8681}.Debug|Any CPU.Build.0 = Debug|Any CPU
		{2E63A789-2D35-4DF1-83CA-96ACC55E8681}.Release|Any CPU.ActiveCfg = Release|Any CPU
		{2E63A789-2D35-4DF1-83CA-96ACC55E8681}.Release|Any CPU.Build.0 = Release|Any CPU
		{50042D22-64A5-4E3F-9800-09F748BF1183}.Debug|Any CPU.ActiveCfg = Debug|Any CPU
		{50042D22-64A5-4E3F-9800-09F748BF1183}.Debug|Any CPU.Build.0 = Debug|Any CPU
		{50042D22-64A5-4E3F-9800-09F748BF1183}.Release|Any CPU.ActiveCfg = Release|Any CPU
		{50042D22-64A5-4E3F-9800-09F748BF1183}.Release|Any CPU.Build.0 = Release|Any CPU
		{93B93E35-1B68-4CA5-AFAB-CC3AF652CD5E}.Debug|Any CPU.ActiveCfg = Debug|Any CPU
		{93B93E35-1B68-4CA5-AFAB-CC3AF652CD5E}.Debug|Any CPU.Build.0 = Debug|Any CPU
		{93B93E35-1B68-4CA5-AFAB-CC3AF652CD5E}.Release|Any CPU.ActiveCfg = Release|Any CPU
		{93B93E35-1B68-4CA5-AFAB-CC3AF652CD5E}.Release|Any CPU.Build.0 = Release|Any CPU
	EndGlobalSection
	GlobalSection(SolutionProperties) = preSolution
		HideSolutionNode = FALSE
	EndGlobalSection
	GlobalSection(ExtensibilityGlobals) = postSolution
		SolutionGuid = {C109BD3D-D35B-4396-997B-8CE4CB68370C}
	EndGlobalSection
EndGlobal
